{
  "name": "newvm",
  "version": "1.0.0",
  "lockfileVersion": 1,
  "dependencies": {
    "simple-transduce": {
      "version": "1.0.0",
      "resolved": "https://registry.npmjs.org/simple-transduce/-/simple-transduce-1.0.0.tgz",
      "integrity": "sha512-1YtiNybseca0GECZhHxKzVXTSkVhD15JssQf1R+iETrFFmGGo1Yd9U/Iyy/DPhf0szaR/ULfIATQfnsgTyJm4A=="
    }
  }
}
